{
  "requires": true,
  "lockfileVersion": 1,
  "dependencies": {
    "@codemirror/autocomplete": {
      "version": "0.18.8",
      "resolved": "https://registry.npmjs.org/@codemirror/autocomplete/-/autocomplete-0.18.8.tgz",
      "integrity": "sha512-Va1Q763Vu/rVmIazru/ZnO2kkWVq6SlmMEjeD0qmxLAypyP6j/QNdpmaPDI1qb/+Mb9VFZBbac6a0aLTTi8qxQ==",
      "requires": {
        "@codemirror/language": "^0.18.0",
        "@codemirror/state": "^0.18.0",
        "@codemirror/text": "^0.18.0",
        "@codemirror/tooltip": "^0.18.4",
        "@codemirror/view": "^0.18.0",
        "lezer-tree": "^0.13.0"
      }
    },
    "@codemirror/closebrackets": {
      "version": "0.18.0",
      "resolved": "https://registry.npmjs.org/@codemirror/closebrackets/-/closebrackets-0.18.0.tgz",
      "integrity": "sha512-O1RAgUkzF4nq/B8IyXenZKZ1rJi2Mc7I6y4IhWhELiTnjyQy7YdAthTsJ40mNr8kZ6gRbasYe3K7TraITElZJA==",
      "requires": {
        "@codemirror/language": "^0.18.0",
        "@codemirror/rangeset": "^0.18.0",
        "@codemirror/state": "^0.18.0",
        "@codemirror/text": "^0.18.0",
        "@codemirror/view": "^0.18.0"
      }
    },
    "@codemirror/commands": {
      "version": "0.18.3",
      "resolved": "https://registry.npmjs.org/@codemirror/commands/-/commands-0.18.3.tgz",
      "integrity": "sha512-nHYDG13qOirioXTAKmjl10W2L0eZ1ftvmTwvUTNY27UWVBPFSpk5zDXP3WqJ0mgMhQ4AOFLJaTjJEO3hmPComg==",
      "requires": {
        "@codemirror/language": "^0.18.0",
        "@codemirror/matchbrackets": "^0.18.0",
        "@codemirror/state": "^0.18.0",
        "@codemirror/text": "^0.18.0",
        "@codemirror/view": "^0.18.0",
        "lezer-tree": "^0.13.0"
      }
    },
    "@codemirror/comment": {
      "version": "0.18.1",
      "resolved": "https://registry.npmjs.org/@codemirror/comment/-/comment-0.18.1.tgz",
      "integrity": "sha512-Inhqs0F24WE28Fcp1dBZghwixBGv1HDwY9MjE0d5tpMY/IPGI6uT30fGyHAXrir6hUqk7eJRkO4UYnODGOnoIA==",
      "requires": {
        "@codemirror/state": "^0.18.0",
        "@codemirror/text": "^0.18.0",
        "@codemirror/view": "^0.18.0"
      }
    },
    "@codemirror/fold": {
      "version": "0.18.1",
      "resolved": "https://registry.npmjs.org/@codemirror/fold/-/fold-0.18.1.tgz",
      "integrity": "sha512-vvMUgDeSmeVow7/75YoNTERxPsdnIBeEw1JL2YVpLyscsUlalqwuxdhiHDLT5zjAu6JvMoTC103mwqgAYwM9tA==",
      "requires": {
        "@codemirror/gutter": "^0.18.0",
        "@codemirror/language": "^0.18.0",
        "@codemirror/rangeset": "^0.18.0",
        "@codemirror/state": "^0.18.0",
        "@codemirror/view": "^0.18.0"
      }
    },
    "@codemirror/gutter": {
      "version": "0.18.4",
      "resolved": "https://registry.npmjs.org/@codemirror/gutter/-/gutter-0.18.4.tgz",
      "integrity": "sha512-Sf2IWshMi9zwVVqpGmd2NRplY0qfrE2IiBEII9n2gB9M8hgIMg5GCyhdnsUDsOm0gcSut65W62vV7/DfYJHQCA==",
      "requires": {
        "@codemirror/rangeset": "^0.18.3",
        "@codemirror/state": "^0.18.0",
        "@codemirror/view": "^0.18.0"
      }
    },
    "@codemirror/highlight": {
      "version": "0.18.4",
      "resolved": "https://registry.npmjs.org/@codemirror/highlight/-/highlight-0.18.4.tgz",
      "integrity": "sha512-3azJntqWrShOIq/0kVcdMc9k7ACL0LQErgK+A6aWXmCj5Mx0gShq+Iajy8AMQ2zB0v3nhCBgFaniL1LLD5m5hQ==",
      "requires": {
        "@codemirror/language": "^0.18.0",
        "@codemirror/rangeset": "^0.18.0",
        "@codemirror/state": "^0.18.0",
        "@codemirror/view": "^0.18.0",
        "lezer-tree": "^0.13.0",
        "style-mod": "^4.0.0"
      }
    },
    "@codemirror/history": {
      "version": "0.18.1",
      "resolved": "https://registry.npmjs.org/@codemirror/history/-/history-0.18.1.tgz",
      "integrity": "sha512-Aad3p4zs6UYKCUMXYjh7cvPK0ajuL+rMib9yBZ61w81LLl6OkM31Xrn9J6CLJmPxCwP3OJFiqBmNSBQ05oIsTw==",
      "requires": {
        "@codemirror/state": "^0.18.3",
        "@codemirror/view": "^0.18.0"
      }
    },
    "@codemirror/lang-javascript": {
      "version": "0.18.0",
      "resolved": "https://registry.npmjs.org/@codemirror/lang-javascript/-/lang-javascript-0.18.0.tgz",
      "integrity": "sha512-4KOkwXED9v39c17pIWoy+WKrNAYaKnAR/RRF8QZIqpuYjnMwGTe7GxMKKdq7E557fGzCVr7m34Qy7Gkhr5B41g==",
      "requires": {
        "@codemirror/autocomplete": "^0.18.0",
        "@codemirror/highlight": "^0.18.0",
        "@codemirror/language": "^0.18.0",
        "@codemirror/lint": "^0.18.0",
        "@codemirror/state": "^0.18.0",
        "@codemirror/view": "^0.18.0",
        "lezer-javascript": "^0.13.0"
      }
    },
    "@codemirror/lang-json": {
      "version": "0.18.0",
      "resolved": "https://registry.npmjs.org/@codemirror/lang-json/-/lang-json-0.18.0.tgz",
      "integrity": "sha512-1xquwhwrocZEcURmccMYk1C3g2oj6mu0np1LT1dDGmvd/VVXC0Z9j6NV78zCSyJCIdL2y+RRBh4LVWW6J6NU6Q==",
      "requires": {
        "@codemirror/highlight": "^0.18.0",
        "@codemirror/language": "^0.18.0",
        "lezer-json": "^0.13.0"
      }
    },
    "@codemirror/language": {
      "version": "0.18.2",
      "resolved": "https://registry.npmjs.org/@codemirror/language/-/language-0.18.2.tgz",
      "integrity": "sha512-2Kz0Xyfvt1Ex2KfTUcYZ3IBxpnFCqHaJijwZknGBT7JXv9dwbOPs9SfPfL4oxVuDIHZx8JTPfoV3LTTJrm8M3Q==",
      "requires": {
        "@codemirror/state": "^0.18.0",
        "@codemirror/text": "^0.18.0",
        "@codemirror/view": "^0.18.0",
        "lezer": "^0.13.4",
        "lezer-tree": "^0.13.0"
      }
    },
    "@codemirror/lint": {
      "version": "0.18.4",
      "resolved": "https://registry.npmjs.org/@codemirror/lint/-/lint-0.18.4.tgz",
      "integrity": "sha512-H77qYfZOmo1kKf0ZQagzk/JRGVhIpwP0hq1TSO6DFC1WLjW6gcsFJO5NDMS86enm0KX0w4/IkA7PItz2mjmHhQ==",
      "requires": {
        "@codemirror/panel": "^0.18.1",
        "@codemirror/state": "^0.18.0",
        "@codemirror/tooltip": "^0.18.4",
        "@codemirror/view": "^0.18.0",
        "crelt": "^1.0.5"
      }
    },
    "@codemirror/matchbrackets": {
      "version": "0.18.0",
      "resolved": "https://registry.npmjs.org/@codemirror/matchbrackets/-/matchbrackets-0.18.0.tgz",
      "integrity": "sha512-dPDopnZVkD54sSYdmQbyQbPdiuIA83p7XxX6Hp1ScEkOjukwCiFXiA/84x10FUTsQpUYp8bDzm7gwII119bGIw==",
      "requires": {
        "@codemirror/language": "^0.18.0",
        "@codemirror/state": "^0.18.0",
        "@codemirror/view": "^0.18.0",
        "lezer-tree": "^0.13.0"
      }
    },
    "@codemirror/panel": {
      "version": "0.18.2",
      "resolved": "https://registry.npmjs.org/@codemirror/panel/-/panel-0.18.2.tgz",
      "integrity": "sha512-ea/g2aAKtfmie1kD7C8GDutD/5u+uzRJr/varUiAbHKr1sAdjtz5xYvC3GBAMYMan1GOh0vD5zP1yEupJl3b3Q==",
      "requires": {
        "@codemirror/state": "^0.18.0",
        "@codemirror/view": "^0.18.0"
      }
    },
    "@codemirror/rangeset": {
      "version": "0.18.4",
      "resolved": "https://registry.npmjs.org/@codemirror/rangeset/-/rangeset-0.18.4.tgz",
      "integrity": "sha512-HHAebb85KoNrnzKG7Z3bOK3HirstPFFB5tu70QfSaUgSZeWnsSgcmGk033rMLGYV9GNTiibWKpqRPaCuyOUk7w==",
      "requires": {
        "@codemirror/state": "^0.18.0"
      }
    },
    "@codemirror/rectangular-selection": {
      "version": "0.18.0",
      "resolved": "https://registry.npmjs.org/@codemirror/rectangular-selection/-/rectangular-selection-0.18.0.tgz",
      "integrity": "sha512-BQ4pp2zhXCVZNqct5LtLR3AOWVseENBF/3oOgBmwsCKH7c11NfTqIqgWG5EW8NLOXp8HP8cDm3np8eWez0VkGQ==",
      "requires": {
        "@codemirror/state": "^0.18.0",
        "@codemirror/text": "^0.18.0",
        "@codemirror/view": "^0.18.0"
      }
    },
    "@codemirror/search": {
      "version": "0.18.4",
      "resolved": "https://registry.npmjs.org/@codemirror/search/-/search-0.18.4.tgz",
      "integrity": "sha512-3chVkMPzl+pTUSqtimTicebhti4SLpvkj03pQx2aPZScXxIiYuDk4cLdIJK9omjmO1+oycRKbOrqvG7iZJJwMg==",
      "requires": {
        "@codemirror/panel": "^0.18.1",
        "@codemirror/rangeset": "^0.18.0",
        "@codemirror/state": "^0.18.6",
        "@codemirror/text": "^0.18.0",
        "@codemirror/view": "^0.18.0",
        "crelt": "^1.0.5"
      }
    },
    "@codemirror/state": {
      "version": "0.18.7",
      "resolved": "https://registry.npmjs.org/@codemirror/state/-/state-0.18.7.tgz",
      "integrity": "sha512-cVyTiAC9vv90NKmGOfNtBjyIem3BqKui1L5Hfcxurp8K9votQj2oH9COcgWPnQ2Xs64yC70tEuTt9DF1pj5PFQ==",
      "requires": {
        "@codemirror/text": "^0.18.0"
      }
    },
    "@codemirror/text": {
      "version": "0.18.1",
      "resolved": "https://registry.npmjs.org/@codemirror/text/-/text-0.18.1.tgz",
      "integrity": "sha512-vjXs6mi1F418kucTPlFvnCt9glKnjtYssdXb8mm1oaY/F5O+tgGVepm9Z8F7AKWCQvW8Bns1D3uLz/DOIEywIw=="
    },
    "@codemirror/tooltip": {
      "version": "0.18.4",
      "resolved": "https://registry.npmjs.org/@codemirror/tooltip/-/tooltip-0.18.4.tgz",
      "integrity": "sha512-LDlDOSEfjoG24uapLN7exK3Z3JchYFKUwWqo1x/9YdlAkmD1ik7cMSQZboCquP1uJVcXhtbpKmaO6vENGVaarg==",
      "requires": {
        "@codemirror/state": "^0.18.0",
        "@codemirror/view": "^0.18.0"
      }
    },
    "@codemirror/view": {
      "version": "0.18.19",
      "resolved": "https://registry.npmjs.org/@codemirror/view/-/view-0.18.19.tgz",
      "integrity": "sha512-TmazVl8H3L+aYwlNb8xk6qADRb8KiYOO047pz51R4mGCg4Ja2siSjXktZgUvklsyWbUY7h9q+oAf4piH+mQZTw==",
      "requires": {
        "@codemirror/rangeset": "^0.18.2",
        "@codemirror/state": "^0.18.0",
        "@codemirror/text": "^0.18.1",
        "style-mod": "^4.0.0",
        "w3c-keyname": "^2.2.4"
      }
    },
    "@rollup/plugin-commonjs": {
      "version": "19.0.1",
      "resolved": "https://registry.npmjs.org/@rollup/plugin-commonjs/-/plugin-commonjs-19.0.1.tgz",
      "integrity": "sha512-bRrPTIAsWw2LmEspEMvV9f+7N7CEQgZCj2Zi1F0e0P3+/tbjQaSNNVVRSRWVhuDagp8yjK5kbIut8KTPsseRhg==",
      "requires": {
        "@rollup/pluginutils": "^3.1.0",
        "commondir": "^1.0.1",
        "estree-walker": "^2.0.1",
        "glob": "^7.1.6",
        "is-reference": "^1.2.1",
        "magic-string": "^0.25.7",
        "resolve": "^1.17.0"
      }
    },
    "@rollup/plugin-json": {
      "version": "4.1.0",
      "resolved": "https://registry.npmjs.org/@rollup/plugin-json/-/plugin-json-4.1.0.tgz",
      "integrity": "sha512-yfLbTdNS6amI/2OpmbiBoW12vngr5NW2jCJVZSBEz+H5KfUJZ2M7sDjk0U6GOOdCWFVScShte29o9NezJ53TPw==",
      "requires": {
        "@rollup/pluginutils": "^3.0.8"
      }
    },
    "@rollup/plugin-node-resolve": {
      "version": "13.0.2",
      "resolved": "https://registry.npmjs.org/@rollup/plugin-node-resolve/-/plugin-node-resolve-13.0.2.tgz",
      "integrity": "sha512-hv+eAMcA2hQ7qvPVcXbtIyc0dtue4jMyA2sCW4IMkrmh+SeDDEHg1MXTv65VPpKdtjvWzN3+4mHAEl4rT+zgzQ==",
      "requires": {
        "@rollup/pluginutils": "^3.1.0",
        "@types/resolve": "1.17.1",
        "builtin-modules": "^3.1.0",
        "deepmerge": "^4.2.2",
        "is-module": "^1.0.0",
        "resolve": "^1.19.0"
      }
    },
    "@rollup/pluginutils": {
      "version": "3.1.0",
      "resolved": "https://registry.npmjs.org/@rollup/pluginutils/-/pluginutils-3.1.0.tgz",
      "integrity": "sha512-GksZ6pr6TpIjHm8h9lSQ8pi8BE9VeubNT0OMJ3B5uZJ8pz73NPiqOtCog/x2/QzM1ENChPKxMDhiQuRHsqc+lg==",
      "requires": {
        "@types/estree": "0.0.39",
        "estree-walker": "^1.0.1",
        "picomatch": "^2.2.2"
      },
      "dependencies": {
        "estree-walker": {
          "version": "1.0.1",
          "resolved": "https://registry.npmjs.org/estree-walker/-/estree-walker-1.0.1.tgz",
          "integrity": "sha512-1fMXF3YP4pZZVozF8j/ZLfvnR8NSIljt56UhbZ5PeeDmmGHpgpdwQt7ITlGvYaQukCvuBRMLEiKiYC+oeIg4cg=="
        }
      }
    },
    "@svgdotjs/svg.js": {
      "version": "3.1.1",
      "resolved": "https://registry.npmjs.org/@svgdotjs/svg.js/-/svg.js-3.1.1.tgz",
      "integrity": "sha512-73FggAUBS+zuHhJOMZiAsuE5qpwA4pmWUbLuvof2g3YnWEc3QhXA3tjqZlJJukBobSA23a/avf1Vb1U1QbER1Q=="
    },
    "@svgdotjs/svg.panzoom.js": {
      "version": "2.1.2",
      "resolved": "https://registry.npmjs.org/@svgdotjs/svg.panzoom.js/-/svg.panzoom.js-2.1.2.tgz",
      "integrity": "sha512-0Nzo2TRlTebW3pzfAPtHx8Ye7Y3kuMEkK7hwVJi0SgQUB/vstjg7fvCJxB++EqsuDEetP0/SC+4CpLMVm6Lh2g==",
      "requires": {
        "@svgdotjs/svg.js": "^3.0.16"
      }
    },
    "@types/estree": {
      "version": "0.0.39",
      "resolved": "https://registry.npmjs.org/@types/estree/-/estree-0.0.39.tgz",
      "integrity": "sha512-EYNwp3bU+98cpU4lAWYYL7Zz+2gryWH1qbdDTidVd6hkiR6weksdbMadyXKXNPEkQFhXM+hVO9ZygomHXp+AIw=="
    },
    "@types/node": {
      "version": "16.4.1",
      "resolved": "https://registry.npmjs.org/@types/node/-/node-16.4.1.tgz",
      "integrity": "sha512-UW7cbLqf/Wu5XH2RKKY1cHwUNLicIDRLMraYKz+HHAerJ0ZffUEk+fMnd8qU2JaS6cAy0r8tsaf7yqHASf/Y0Q=="
    },
    "@types/resolve": {
      "version": "1.17.1",
      "resolved": "https://registry.npmjs.org/@types/resolve/-/resolve-1.17.1.tgz",
      "integrity": "sha512-yy7HuzQhj0dhGpD8RLXSZWEkLsV9ibvxvi6EiJ3bkqLAO1RGo0WbkWQiwpRlSFymTJRz0d3k5LM3kkx8ArDbLw==",
      "requires": {
        "@types/node": "*"
      }
    },
    "balanced-match": {
      "version": "1.0.2",
      "resolved": "https://registry.npmjs.org/balanced-match/-/balanced-match-1.0.2.tgz",
      "integrity": "sha512-3oSeUO0TMV67hN1AmbXsK4yaqU7tjiHlbxRDZOpH0KW9+CeX4bRAaX0Anxt0tx2MrpRpWwQaPwIlISEJhYU5Pw=="
    },
    "brace-expansion": {
      "version": "2.0.1",
      "resolved": "https://registry.npmjs.org/brace-expansion/-/brace-expansion-2.0.1.tgz",
      "integrity": "sha512-XnAIvQ8eM+kC6aULx6wuQiwVsnzsi9d3WxzV3FpWTGA19F621kwdbsAcFKXgKUHZWsy+mY6iL1sHTxWEFCytDA==",
      "requires": {
        "balanced-match": "^1.0.0"
      }
    },
    "builtin-modules": {
      "version": "3.2.0",
      "resolved": "https://registry.npmjs.org/builtin-modules/-/builtin-modules-3.2.0.tgz",
      "integrity": "sha512-lGzLKcioL90C7wMczpkY0n/oART3MbBa8R9OFGE1rJxoVI86u4WAGfEk8Wjv10eKSyTHVGkSo3bvBylCEtk7LA=="
    },
    "commondir": {
      "version": "1.0.1",
      "resolved": "https://registry.npmjs.org/commondir/-/commondir-1.0.1.tgz",
      "integrity": "sha1-3dgA2gxmEnOTzKWVDqloo6rxJTs="
    },
    "concat-map": {
      "version": "0.0.1",
      "resolved": "https://registry.npmjs.org/concat-map/-/concat-map-0.0.1.tgz",
      "integrity": "sha1-2Klr13/Wjfd5OnMDajug1UBdR3s="
    },
    "crelt": {
      "version": "1.0.5",
      "resolved": "https://registry.npmjs.org/crelt/-/crelt-1.0.5.tgz",
      "integrity": "sha512-+BO9wPPi+DWTDcNYhr/W90myha8ptzftZT+LwcmUbbok0rcP/fequmFYCw8NMoH7pkAZQzU78b3kYrlua5a9eA=="
    },
    "d3-dispatch": {
      "version": "3.0.1",
      "resolved": "https://registry.npmjs.org/d3-dispatch/-/d3-dispatch-3.0.1.tgz",
      "integrity": "sha512-rzUyPU/S7rwUflMyLc1ETDeBj0NRuHKKAcvukozwhshr6g6c5d8zh4c2gQjY2bZ0dXeGLWc1PF174P2tVvKhfg=="
    },
    "d3-force": {
      "version": "3.0.0",
      "resolved": "https://registry.npmjs.org/d3-force/-/d3-force-3.0.0.tgz",
      "integrity": "sha512-zxV/SsA+U4yte8051P4ECydjD/S+qeYtnaIyAs9tgHCqfguma/aAQDjo85A9Z6EKhBirHRJHXIgJUlffT4wdLg==",
      "requires": {
        "d3-dispatch": "1 - 3",
        "d3-quadtree": "1 - 3",
        "d3-timer": "1 - 3"
      }
    },
    "d3-quadtree": {
      "version": "3.0.1",
      "resolved": "https://registry.npmjs.org/d3-quadtree/-/d3-quadtree-3.0.1.tgz",
      "integrity": "sha512-04xDrxQTDTCFwP5H6hRhsRcb9xxv2RzkcsygFzmkSIOJy3PeRJP7sNk3VRIbKXcog561P9oU0/rVH6vDROAgUw=="
    },
    "d3-timer": {
      "version": "3.0.1",
      "resolved": "https://registry.npmjs.org/d3-timer/-/d3-timer-3.0.1.tgz",
      "integrity": "sha512-ndfJ/JxxMd3nw31uyKoY2naivF+r29V+Lc0svZxe1JvvIRmi8hUsrMvdOwgS1o6uBHmiz91geQ0ylPP0aj1VUA=="
    },
    "deepmerge": {
      "version": "4.2.2",
      "resolved": "https://registry.npmjs.org/deepmerge/-/deepmerge-4.2.2.tgz",
      "integrity": "sha512-FJ3UgI4gIl+PHZm53knsuSFpE+nESMr7M4v9QcgB7S63Kj/6WqMiFQJpBBYz1Pt+66bZpP3Q7Lye0Oo9MPKEdg=="
    },
    "estree-walker": {
      "version": "2.0.2",
      "resolved": "https://registry.npmjs.org/estree-walker/-/estree-walker-2.0.2.tgz",
      "integrity": "sha512-Rfkk/Mp/DL7JVje3u18FxFujQlTNR2q6QfMSMB7AvCBx91NGj/ba3kCfza0f6dVDbw7YlRf/nDrn7pQrCCyQ/w=="
    },
    "fs.realpath": {
      "version": "1.0.0",
      "resolved": "https://registry.npmjs.org/fs.realpath/-/fs.realpath-1.0.0.tgz",
      "integrity": "sha1-FQStJSMVjKpA20onh8sBQRmU6k8="
    },
    "fsevents": {
      "version": "2.3.2",
      "resolved": "https://registry.npmjs.org/fsevents/-/fsevents-2.3.2.tgz",
      "integrity": "sha512-xiqMQR4xAeHTuB9uWm+fFRcIOgKBMiOBP+eXiyT7jsgVCq1bkVygt00oASowB7EdtpOHaaPgKt812P9ab+DDKA==",
      "optional": true
    },
    "function-bind": {
      "version": "1.1.1",
      "resolved": "https://registry.npmjs.org/function-bind/-/function-bind-1.1.1.tgz",
      "integrity": "sha512-yIovAzMX49sF8Yl58fSCWJ5svSLuaibPxXQJFLmBObTuCr0Mf1KiPopGM9NiFjiYBCbfaa2Fh6breQ6ANVTI0A=="
    },
    "glob": {
      "version": "7.1.7",
      "resolved": "https://registry.npmjs.org/glob/-/glob-7.1.7.tgz",
      "integrity": "sha512-OvD9ENzPLbegENnYP5UUfJIirTg4+XwMWGaQfQTY0JenxNvvIKP3U3/tAQSPIu/lHxXYSZmpXlUHeqAIdKzBLQ==",
      "requires": {
        "fs.realpath": "^1.0.0",
        "inflight": "^1.0.4",
        "inherits": "2",
        "minimatch": "^3.0.4",
        "once": "^1.3.0",
        "path-is-absolute": "^1.0.0"
      }
    },
    "has": {
      "version": "1.0.3",
      "resolved": "https://registry.npmjs.org/has/-/has-1.0.3.tgz",
      "integrity": "sha512-f2dvO0VU6Oej7RkWJGrehjbzMAjFp5/VKPp5tTpWIV4JHHZK1/BxbFRtf/siA2SWTe09caDmVtYYzWEIbBS4zw==",
      "requires": {
        "function-bind": "^1.1.1"
      }
    },
    "hyperapp": {
      "version": "2.0.18",
      "resolved": "https://registry.npmjs.org/hyperapp/-/hyperapp-2.0.18.tgz",
      "integrity": "sha512-i9NoQtmg9vFy5iQVDlpWRahnJsMn8eb1WrkDXUkytHzxx7IfOdICU6UaZP6fv2FVXPnQSVxxpUo8HT8d5L+ktw=="
    },
    "inflight": {
      "version": "1.0.6",
      "resolved": "https://registry.npmjs.org/inflight/-/inflight-1.0.6.tgz",
      "integrity": "sha1-Sb1jMdfQLQwJvJEKEHW6gWW1bfk=",
      "requires": {
        "once": "^1.3.0",
        "wrappy": "1"
      }
    },
    "inherits": {
      "version": "2.0.4",
      "resolved": "https://registry.npmjs.org/inherits/-/inherits-2.0.4.tgz",
      "integrity": "sha512-k/vGaX4/Yla3WzyMCvTQOXYeIHvqOKtnqBduzTHpzpQZzAskKMhZ2K+EnBiSM9zGSoIFeMpXKxa4dYeZIQqewQ=="
    },
    "is-core-module": {
      "version": "2.5.0",
      "resolved": "https://registry.npmjs.org/is-core-module/-/is-core-module-2.5.0.tgz",
      "integrity": "sha512-TXCMSDsEHMEEZ6eCA8rwRDbLu55MRGmrctljsBX/2v1d9/GzqHOxW5c5oPSgrUt2vBFXebu9rGqckXGPWOlYpg==",
      "requires": {
        "has": "^1.0.3"
      }
    },
    "is-module": {
      "version": "1.0.0",
      "resolved": "https://registry.npmjs.org/is-module/-/is-module-1.0.0.tgz",
      "integrity": "sha1-Mlj7afeMFNW4FdZkM2tM/7ZEFZE="
    },
    "is-reference": {
      "version": "1.2.1",
      "resolved": "https://registry.npmjs.org/is-reference/-/is-reference-1.2.1.tgz",
      "integrity": "sha512-U82MsXXiFIrjCK4otLT+o2NA2Cd2g5MLoOVXUZjIOhLurrRxpEXzI8O0KZHr3IjLvlAH1kTPYSuqer5T9ZVBKQ==",
      "requires": {
        "@types/estree": "*"
      }
    },
    "lezer": {
      "version": "0.13.5",
      "resolved": "https://registry.npmjs.org/lezer/-/lezer-0.13.5.tgz",
      "integrity": "sha512-cAiMQZGUo2BD8mpcz7Nv1TlKzWP7YIdIRrX41CiP5bk5t4GHxskOxWUx2iAOuHlz8dO+ivbuXr0J1bfHsWD+lQ==",
      "requires": {
        "lezer-tree": "^0.13.2"
      }
    },
    "lezer-javascript": {
      "version": "0.13.4",
      "resolved": "https://registry.npmjs.org/lezer-javascript/-/lezer-javascript-0.13.4.tgz",
      "integrity": "sha512-nhRbeSwPZo2xVYq6TWyUhi/r9j0CFSUpkuA5J992Az2AYZFw2HnGVjixfP43DKufL+npJwSy0qcCcAHFQ2bFOQ==",
      "requires": {
        "lezer": "^0.13.0"
      }
    },
    "lezer-json": {
      "version": "0.13.2",
      "resolved": "https://registry.npmjs.org/lezer-json/-/lezer-json-0.13.2.tgz",
      "integrity": "sha512-J5wc5KpYywJroIQ7A2+bW0e3JiSo2wX4uDgbCni2Ww5bvTD/iV2tvZ0cHBLmMU/p5qS4dD5bAPysSqHMS9eNAg==",
      "requires": {
        "lezer": "^0.13.0"
      }
    },
    "lezer-tree": {
      "version": "0.13.2",
      "resolved": "https://registry.npmjs.org/lezer-tree/-/lezer-tree-0.13.2.tgz",
      "integrity": "sha512-15ZxW8TxVNAOkHIo43Iouv4zbSkQQ5chQHBpwXcD2bBFz46RB4jYLEEww5l1V0xyIx9U2clSyyrLes+hAUFrGQ=="
    },
    "lodash": {
      "version": "4.17.21",
      "resolved": "https://registry.npmjs.org/lodash/-/lodash-4.17.21.tgz",
      "integrity": "sha512-v2kDEe57lecTulaDIuNTPy3Ry4gLGJ6Z1O3vE1krgXZNrsQ+LFTGHVxVjcXPs17LhbZVGedAJv8XZ1tvj5FvSg=="
    },
    "magic-string": {
      "version": "0.25.7",
      "resolved": "https://registry.npmjs.org/magic-string/-/magic-string-0.25.7.tgz",
      "integrity": "sha512-4CrMT5DOHTDk4HYDlzmwu4FVCcIYI8gauveasrdCu2IKIFOJ3f0v/8MDGJCDL9oD2ppz/Av1b0Nj345H9M+XIA==",
      "requires": {
        "sourcemap-codec": "^1.4.4"
      }
    },
    "minimatch": {
      "version": "3.0.4",
      "resolved": "https://registry.npmjs.org/minimatch/-/minimatch-3.0.4.tgz",
      "integrity": "sha512-yJHVQEhyqPLUTgt9B83PXu6W3rx4MvvHvSUvToogpwoGDOUQ+yDrR0HRot+yOCdCO7u4hX3pWft6kWBBcqh0UA==",
      "requires": {
        "brace-expansion": "^1.1.7"
      },
      "dependencies": {
        "brace-expansion": {
          "version": "1.1.11",
          "resolved": "https://registry.npmjs.org/brace-expansion/-/brace-expansion-1.1.11.tgz",
          "integrity": "sha512-iCuPHDFgrHX7H2vEI/5xpz07zSHB00TpugqhmYtVmMO6518mCuRMoOYFldEBl0g187ufozdaHgWKcYFb61qGiA==",
          "requires": {
            "balanced-match": "^1.0.0",
            "concat-map": "0.0.1"
          }
        }
      }
    },
    "once": {
      "version": "1.4.0",
      "resolved": "https://registry.npmjs.org/once/-/once-1.4.0.tgz",
      "integrity": "sha1-WDsap3WWHUsROsF9nFC6753Xa9E=",
      "requires": {
        "wrappy": "1"
      }
    },
    "path-is-absolute": {
      "version": "1.0.1",
      "resolved": "https://registry.npmjs.org/path-is-absolute/-/path-is-absolute-1.0.1.tgz",
      "integrity": "sha1-F0uSaHNVNP+8es5r9TpanhtcX18="
    },
    "path-parse": {
      "version": "1.0.7",
      "resolved": "https://registry.npmjs.org/path-parse/-/path-parse-1.0.7.tgz",
      "integrity": "sha512-LDJzPVEEEPR+y48z93A0Ed0yXb8pAByGWo/k5YYdYgpY2/2EsOsksJrq7lOHxryrVOn1ejG6oAp8ahvOIQD8sw=="
    },
    "picomatch": {
      "version": "2.3.0",
      "resolved": "https://registry.npmjs.org/picomatch/-/picomatch-2.3.0.tgz",
      "integrity": "sha512-lY1Q/PiJGC2zOv/z391WOTD+Z02bCgsFfvxoXXf6h7kv9o+WmsmzYqrAwY63sNgOxE4xEdq0WyUnXfKeBrSvYw=="
    },
    "ramda": {
      "version": "0.27.1",
      "resolved": "https://registry.npmjs.org/ramda/-/ramda-0.27.1.tgz",
      "integrity": "sha512-PgIdVpn5y5Yns8vqb8FzBUEYn98V3xcPgawAkkgj0YJ0qDsnHCiNmZYfOGMgOvoB0eWFLpYbhxUR3mxfDIMvpw=="
    },
    "resolve": {
      "version": "1.20.0",
      "resolved": "https://registry.npmjs.org/resolve/-/resolve-1.20.0.tgz",
      "integrity": "sha512-wENBPt4ySzg4ybFQW2TT1zMQucPK95HSh/nq2CFTZVOGut2+pQvSsgtda4d26YrYcr067wjbmzOG8byDPBX63A==",
      "requires": {
        "is-core-module": "^2.2.0",
        "path-parse": "^1.0.6"
      }
    },
    "rollup": {
      "version": "2.53.3",
      "resolved": "https://registry.npmjs.org/rollup/-/rollup-2.53.3.tgz",
      "integrity": "sha512-79QIGP5DXz5ZHYnCPi3tLz+elOQi6gudp9YINdaJdjG0Yddubo6JRFUM//qCZ0Bap/GJrsUoEBVdSOc4AkMlRA==",
      "requires": {
        "fsevents": "~2.3.2"
      }
    },
    "sourcemap-codec": {
      "version": "1.4.8",
      "resolved": "https://registry.npmjs.org/sourcemap-codec/-/sourcemap-codec-1.4.8.tgz",
      "integrity": "sha512-9NykojV5Uih4lgo5So5dtw+f0JgJX30KCNI8gwhz2J9A15wD0Ml6tjHKwf6fTSa6fAdVBdZeNOs9eJ71qCk8vA=="
    },
    "style-mod": {
      "version": "4.0.0",
      "resolved": "https://registry.npmjs.org/style-mod/-/style-mod-4.0.0.tgz",
      "integrity": "sha512-OPhtyEjyyN9x3nhPsu76f52yUGXiZcgvsrFVtvTkyGRQJ0XK+GPc6ov1z+lRpbeabka+MYEQxOYRnt5nF30aMw=="
    },
    "three": {
      "version": "0.131.3",
      "resolved": "https://registry.npmjs.org/three/-/three-0.131.3.tgz",
      "integrity": "sha512-VkZAv8ZTJqiE/fyEmoWLxcNHImpVcjqW7RO0GzMu3tRpwO0KUvK9pjTmJzJcAbc51BOeB2G38zh80yjHTbP8gQ=="
    },
    "w3c-keyname": {
      "version": "2.2.4",
      "resolved": "https://registry.npmjs.org/w3c-keyname/-/w3c-keyname-2.2.4.tgz",
      "integrity": "sha512-tOhfEwEzFLJzf6d1ZPkYfGj+FWhIpBux9ppoP3rlclw3Z0BZv3N7b7030Z1kYth+6rDuAsXUFr+d0VE6Ed1ikw=="
    },
    "wrappy": {
      "version": "1.0.2",
      "resolved": "https://registry.npmjs.org/wrappy/-/wrappy-1.0.2.tgz",
      "integrity": "sha1-tSQ9jz7BqjXxNkYFvA0QNuMKtp8="
    }
  }
}
